
Microsoft Visual Studio Solution File, Format Version 12.00
# Visual Studio 15
VisualStudioVersion = 15.0.28307.1231
MinimumVisualStudioVersion = 10.0.40219.1
Project("{FAE04EC0-301F-11D3-BF4B-00C04F79EFBC}") = "TechProject2b", "TechProject2b\TechProject2b.csproj", "{061D5693-3D42-470C-8868-D24954476F33}"
EndProject
Global
	GlobalSection(SolutionConfigurationPlatforms) = preSolution
		Debug|Any CPU = Debug|Any CPU
		Release|Any CPU = Release|Any CPU
	EndGlobalSection
	GlobalSection(ProjectConfigurationPlatforms) = postSolution
		{061D5693-3D42-470C-8868-D24954476F33}.Debug|Any CPU.ActiveCfg = Debug|Any CPU
		{061D5693-3D42-470C-8868-D24954476F33}.Debug|Any CPU.Build.0 = Debug|Any CPU
		{061D5693-3D42-470C-8868-D24954476F33}.Release|Any CPU.ActiveCfg = Release|Any CPU
		{061D5693-3D42-470C-8868-D24954476F33}.Release|Any CPU.Build.0 = Release|Any CPU
	EndGlobalSection
	GlobalSection(SolutionProperties) = preSolution
		HideSolutionNode = FALSE
	EndGlobalSection
	GlobalSection(ExtensibilityGlobals) = postSolution
		SolutionGuid = {8AB2953D-17D0-429C-B665-56A4E34B491E}
	EndGlobalSection
EndGlobal
